// !$*UTF8*$!
{
	archiveVersion = 1;
	classes = {
	};
	objectVersion = 56;
	objects = {

/* Begin PBXBuildFile section */
		B6703EC029A75BFB00F905B5 /* TableViewCell.swift in Sources */ = {isa = PBXBuildFile; fileRef = B6703EBF29A75BFB00F905B5 /* TableViewCell.swift */; };
		B6703EC229A75C2000F905B5 /* TableCell.xib in Resources */ = {isa = PBXBuildFile; fileRef = B6703EC129A75C2000F905B5 /* TableCell.xib */; };
		B68FC69C29A6732B00DECB4C /* APIManager.swift in Sources */ = {isa = PBXBuildFile; fileRef = B68FC69B29A6732B00DECB4C /* APIManager.swift */; };
		B68FC69E29A6733700DECB4C /* ViewModel.swift in Sources */ = {isa = PBXBuildFile; fileRef = B68FC69D29A6733700DECB4C /* ViewModel.swift */; };
		B6B280BA29754F1A001CC219 /* AppDelegate.swift in Sources */ = {isa = PBXBuildFile; fileRef = B6B280B929754F1A001CC219 /* AppDelegate.swift */; };
		B6B280BC29754F1A001CC219 /* SceneDelegate.swift in Sources */ = {isa = PBXBuildFile; fileRef = B6B280BB29754F1A001CC219 /* SceneDelegate.swift */; };
		B6B280BE29754F1A001CC219 /* ViewController.swift in Sources */ = {isa = PBXBuildFile; fileRef = B6B280BD29754F1A001CC219 /* ViewController.swift */; };
		B6B280C129754F1A001CC219 /* Main.storyboard in Resources */ = {isa = PBXBuildFile; fileRef = B6B280BF29754F1A001CC219 /* Main.storyboard */; };
		B6B280C329754F1A001CC219 /* Assets.xcassets in Resources */ = {isa = PBXBuildFile; fileRef = B6B280C229754F1A001CC219 /* Assets.xcassets */; };
		B6B280C629754F1A001CC219 /* LaunchScreen.storyboard in Resources */ = {isa = PBXBuildFile; fileRef = B6B280C429754F1A001CC219 /* LaunchScreen.storyboard */; };
		B6D38B912999831900F15B65 /* Model.swift in Sources */ = {isa = PBXBuildFile; fileRef = B6D38B902999831900F15B65 /* Model.swift */; };
		B6DC282029A763F80032BF23 /* NotificationCenter.swift in Sources */ = {isa = PBXBuildFile; fileRef = B6DC281F29A763F80032BF23 /* NotificationCenter.swift */; };
/* End PBXBuildFile section */

/* Begin PBXFileReference section */
		B6703EBF29A75BFB00F905B5 /* TableViewCell.swift */ = {isa = PBXFileReference; lastKnownFileType = sourcecode.swift; path = TableViewCell.swift; sourceTree = "<group>"; };
		B6703EC129A75C2000F905B5 /* TableCell.xib */ = {isa = PBXFileReference; lastKnownFileType = file.xib; path = TableCell.xib; sourceTree = "<group>"; };
		B68FC69B29A6732B00DECB4C /* APIManager.swift */ = {isa = PBXFileReference; lastKnownFileType = sourcecode.swift; path = APIManager.swift; sourceTree = "<group>"; };
		B68FC69D29A6733700DECB4C /* ViewModel.swift */ = {isa = PBXFileReference; lastKnownFileType = sourcecode.swift; path = ViewModel.swift; sourceTree = "<group>"; };
		B6B280B629754F1A001CC219 /* PracticeUIKit.app */ = {isa = PBXFileReference; explicitFileType = wrapper.application; includeInIndex = 0; path = PracticeUIKit.app; sourceTree = BUILT_PRODUCTS_DIR; };
		B6B280B929754F1A001CC219 /* AppDelegate.swift */ = {isa = PBXFileReference; lastKnownFileType = sourcecode.swift; path = AppDelegate.swift; sourceTree = "<group>"; };
		B6B280BB29754F1A001CC219 /* SceneDelegate.swift */ = {isa = PBXFileReference; lastKnownFileType = sourcecode.swift; path = SceneDelegate.swift; sourceTree = "<group>"; };
		B6B280BD29754F1A001CC219 /* ViewController.swift */ = {isa = PBXFileReference; lastKnownFileType = sourcecode.swift; path = ViewController.swift; sourceTree = "<group>"; };
		B6B280C029754F1A001CC219 /* Base */ = {isa = PBXFileReference; lastKnownFileType = file.storyboard; name = Base; path = Base.lproj/Main.storyboard; sourceTree = "<group>"; };
		B6B280C229754F1A001CC219 /* Assets.xcassets */ = {isa = PBXFileReference; lastKnownFileType = folder.assetcatalog; path = Assets.xcassets; sourceTree = "<group>"; };
		B6B280C529754F1A001CC219 /* Base */ = {isa = PBXFileReference; lastKnownFileType = file.storyboard; name = Base; path = Base.lproj/LaunchScreen.storyboard; sourceTree = "<group>"; };
		B6B280C729754F1B001CC219 /* Info.plist */ = {isa = PBXFileReference; lastKnownFileType = text.plist.xml; path = Info.plist; sourceTree = "<group>"; };
		B6D38B902999831900F15B65 /* Model.swift */ = {isa = PBXFileReference; lastKnownFileType = sourcecode.swift; path = Model.swift; sourceTree = "<group>"; };
		B6DC281F29A763F80032BF23 /* NotificationCenter.swift */ = {isa = PBXFileReference; lastKnownFileType = sourcecode.swift; path = NotificationCenter.swift; sourceTree = "<group>"; };
/* End PBXFileReference section */

/* Begin PBXFrameworksBuildPhase section */
		B6B280B329754F1A001CC219 /* Frameworks */ = {
			isa = PBXFrameworksBuildPhase;
			buildActionMask = 2147483647;
			files = (
			);
			runOnlyForDeploymentPostprocessing = 0;
		};
/* End PBXFrameworksBuildPhase section */

/* Begin PBXGroup section */
		B6B280AD29754F1A001CC219 = {
			isa = PBXGroup;
			children = (
				B6B280B829754F1A001CC219 /* PracticeUIKit */,
				B6B280B729754F1A001CC219 /* Products */,
			);
			sourceTree = "<group>";
		};
		B6B280B729754F1A001CC219 /* Products */ = {
			isa = PBXGroup;
			children = (
				B6B280B629754F1A001CC219 /* PracticeUIKit.app */,
			);
			name = Products;
			sourceTree = "<group>";
		};
		B6B280B829754F1A001CC219 /* PracticeUIKit */ = {
			isa = PBXGroup;
			children = (
				B6B280B929754F1A001CC219 /* AppDelegate.swift */,
				B68FC69B29A6732B00DECB4C /* APIManager.swift */,
				B6B280BB29754F1A001CC219 /* SceneDelegate.swift */,
				B6DC281F29A763F80032BF23 /* NotificationCenter.swift */,
				B6B280BD29754F1A001CC219 /* ViewController.swift */,
				B6703EBF29A75BFB00F905B5 /* TableViewCell.swift */,
				B6D38B902999831900F15B65 /* Model.swift */,
				B68FC69D29A6733700DECB4C /* ViewModel.swift */,
				B6B280BF29754F1A001CC219 /* Main.storyboard */,
				B6703EC129A75C2000F905B5 /* TableCell.xib */,
				B6B280C229754F1A001CC219 /* Assets.xcassets */,
				B6B280C429754F1A001CC219 /* LaunchScreen.storyboard */,
				B6B280C729754F1B001CC219 /* Info.plist */,
			);
			path = PracticeUIKit;
			sourceTree = "<group>";
		};
/* End PBXGroup section */

/* Begin PBXNativeTarget section */
		B6B280B529754F1A001CC219 /* PracticeUIKit */ = {
			isa = PBXNativeTarget;
			buildConfigurationList = B6B280CA29754F1B001CC219 /* Build configuration list for PBXNativeTarget "PracticeUIKit" */;
			buildPhases = (
				B6B280B229754F1A001CC219 /* Sources */,
				B6B280B329754F1A001CC219 /* Frameworks */,
				B6B280B429754F1A001CC219 /* Resources */,
			);
			buildRules = (
			);
			dependencies = (
			);
			name = PracticeUIKit;
			productName = PracticeUIKit;
			productReference = B6B280B629754F1A001CC219 /* PracticeUIKit.app */;
			productType = "com.apple.product-type.application";
		};
/* End PBXNativeTarget section */

/* Begin PBXProject section */
		B6B280AE29754F1A001CC219 /* Project object */ = {
			isa = PBXProject;
			attributes = {
				BuildIndependentTargetsInParallel = 1;
				LastSwiftUpdateCheck = 1420;
				LastUpgradeCheck = 1420;
				TargetAttributes = {
					B6B280B529754F1A001CC219 = {
						CreatedOnToolsVersion = 14.2;
					};
				};
			};
			buildConfigurationList = B6B280B129754F1A001CC219 /* Build configuration list for PBXProject "PracticeUIKit" */;
			compatibilityVersion = "Xcode 14.0";
			developmentRegion = en;
			hasScannedForEncodings = 0;
			knownRegions = (
				en,
				Base,
			);
			mainGroup = B6B280AD29754F1A001CC219;
			productRefGroup = B6B280B729754F1A001CC219 /* Products */;
			projectDirPath = "";
			projectRoot = "";
			targets = (
				B6B280B529754F1A001CC219 /* PracticeUIKit */,
			);
		};
/* End PBXProject section */

/* Begin PBXResourcesBuildPhase section */
		B6B280B429754F1A001CC219 /* Resources */ = {
			isa = PBXResourcesBuildPhase;
			buildActionMask = 2147483647;
			files = (
				B6B280C629754F1A001CC219 /* LaunchScreen.storyboard in Resources */,
				B6B280C329754F1A001CC219 /* Assets.xcassets in Resources */,
				B6703EC229A75C2000F905B5 /* TableCell.xib in Resources */,
				B6B280C129754F1A001CC219 /* Main.storyboard in Resources */,
			);
			runOnlyForDeploymentPostprocessing = 0;
		};
/* End PBXResourcesBuildPhase section */

/* Begin PBXSourcesBuildPhase section */
		B6B280B229754F1A001CC219 /* Sources */ = {
			isa = PBXSourcesBuildPhase;
			buildActionMask = 2147483647;
			files = (
				B6B280BE29754F1A001CC219 /* ViewController.swift in Sources */,
				B6B280BA29754F1A001CC219 /* AppDelegate.swift in Sources */,
				B68FC69C29A6732B00DECB4C /* APIManager.swift in Sources */,
				B6DC282029A763F80032BF23 /* NotificationCenter.swift in Sources */,
				B6B280BC29754F1A001CC219 /* SceneDelegate.swift in Sources */,
				B68FC69E29A6733700DECB4C /* ViewModel.swift in Sources */,
				B6703EC029A75BFB00F905B5 /* TableViewCell.swift in Sources */,
				B6D38B912999831900F15B65 /* Model.swift in Sources */,
			);
			runOnlyForDeploymentPostprocessing = 0;
		};
/* End PBXSourcesBuildPhase section */

/* Begin PBXVariantGroup section */
		B6B280BF29754F1A001CC219 /* Main.storyboard */ = {
			isa = PBXVariantGroup;
			children = (
				B6B280C029754F1A001CC219 /* Base */,
			);
			name = Main.storyboard;
			sourceTree = "<group>";
		};
		B6B280C429754F1A001CC219 /* LaunchScreen.storyboard */ = {
			isa = PBXVariantGroup;
			children = (
				B6B280C529754F1A001CC219 /* Base */,
			);
			name = LaunchScreen.storyboard;
			sourceTree = "<group>";
		};
/* End PBXVariantGroup section */

/* Begin XCBuildConfiguration section */
		B6B280C829754F1B001CC219 /* Debug */ = {
			isa = XCBuildConfiguration;
			buildSettings = {
				ALWAYS_SEARCH_USER_PATHS = NO;
				CLANG_ANALYZER_NONNULL = YES;
				CLANG_ANALYZER_NUMBER_OBJECT_CONVERSION = YES_AGGRESSIVE;
				CLANG_CXX_LANGUAGE_STANDARD = "gnu++20";
				CLANG_ENABLE_MODULES = YES;
				CLANG_ENABLE_OBJC_ARC = YES;
				CLANG_ENABLE_OBJC_WEAK = YES;
				CLANG_WARN_BLOCK_CAPTURE_AUTORELEASING = YES;
				CLANG_WARN_BOOL_CONVERSION = YES;
				CLANG_WARN_COMMA = YES;
				CLANG_WARN_CONSTANT_CONVERSION = YES;
				CLANG_WARN_DEPRECATED_OBJC_IMPLEMENTATIONS = YES;
				CLANG_WARN_DIRECT_OBJC_ISA_USAGE = YES_ERROR;
				CLANG_WARN_DOCUMENTATION_COMMENTS = YES;
				CLANG_WARN_EMPTY_BODY = YES;
				CLANG_WARN_ENUM_CONVERSION = YES;
				CLANG_WARN_INFINITE_RECURSION = YES;
				CLANG_WARN_INT_CONVERSION = YES;
				CLANG_WARN_NON_LITERAL_NULL_CONVERSION = YES;
				CLANG_WARN_OBJC_IMPLICIT_RETAIN_SELF = YES;
				CLANG_WARN_OBJC_LITERAL_CONVERSION = YES;
				CLANG_WARN_OBJC_ROOT_CLASS = YES_ERROR;
				CLANG_WARN_QUOTED_INCLUDE_IN_FRAMEWORK_HEADER = YES;
				CLANG_WARN_RANGE_LOOP_ANALYSIS = YES;
				CLANG_WARN_STRICT_PROTOTYPES = YES;
				CLANG_WARN_SUSPICIOUS_MOVE = YES;
				CLANG_WARN_UNGUARDED_AVAILABILITY = YES_AGGRESSIVE;
				CLANG_WARN_UNREACHABLE_CODE = YES;
				CLANG_WARN__DUPLICATE_METHOD_MATCH = YES;
				COPY_PHASE_STRIP = NO;
				DEBUG_INFORMATION_FORMAT = dwarf;
				ENABLE_STRICT_OBJC_MSGSEND = YES;
				ENABLE_TESTABILITY = YES;
				GCC_C_LANGUAGE_STANDARD = gnu11;
				GCC_DYNAMIC_NO_PIC = NO;
				GCC_NO_COMMON_BLOCKS = YES;
				GCC_OPTIMIZATION_LEVEL = 0;
				GCC_PREPROCESSOR_DEFINITIONS = (
					"DEBUG=1",
					"$(inherited)",
				);
				GCC_WARN_64_TO_32_BIT_CONVERSION = YES;
				GCC_WARN_ABOUT_RETURN_TYPE = YES_ERROR;
				GCC_WARN_UNDECLARED_SELECTOR = YES;
				GCC_WARN_UNINITIALIZED_AUTOS = YES_AGGRESSIVE;
				GCC_WARN_UNUSED_FUNCTION = YES;
				GCC_WARN_UNUSED_VARIABLE = YES;
				IPHONEOS_DEPLOYMENT_TARGET = 16.2;
				MTL_ENABLE_DEBUG_INFO = INCLUDE_SOURCE;
				MTL_FAST_MATH = YES;
				ONLY_ACTIVE_ARCH = YES;
				SDKROOT = iphoneos;
				SWIFT_ACTIVE_COMPILATION_CONDITIONS = DEBUG;
				SWIFT_OPTIMIZATION_LEVEL = "-Onone";
			};
			name = Debug;
		};
		B6B280C929754F1B001CC219 /* Release */ = {
			isa = XCBuildConfiguration;
			buildSettings = {
				ALWAYS_SEARCH_USER_PATHS = NO;
				CLANG_ANALYZER_NONNULL = YES;
				CLANG_ANALYZER_NUMBER_OBJECT_CONVERSION = YES_AGGRESSIVE;
				CLANG_CXX_LANGUAGE_STANDARD = "gnu++20";
				CLANG_ENABLE_MODULES = YES;
				CLANG_ENABLE_OBJC_ARC = YES;
				CLANG_ENABLE_OBJC_WEAK = YES;
				CLANG_WARN_BLOCK_CAPTURE_AUTORELEASING = YES;
				CLANG_WARN_BOOL_CONVERSION = YES;
				CLANG_WARN_COMMA = YES;
				CLANG_WARN_CONSTANT_CONVERSION = YES;
				CLANG_WARN_DEPRECATED_OBJC_IMPLEMENTATIONS = YES;
				CLANG_WARN_DIRECT_OBJC_ISA_USAGE = YES_ERROR;
				CLANG_WARN_DOCUMENTATION_COMMENTS = YES;
				CLANG_WARN_EMPTY_BODY = YES;
				CLANG_WARN_ENUM_CONVERSION = YES;
				CLANG_WARN_INFINITE_RECURSION = YES;
				CLANG_WARN_INT_CONVERSION = YES;
				CLANG_WARN_NON_LITERAL_NULL_CONVERSION = YES;
				CLANG_WARN_OBJC_IMPLICIT_RETAIN_SELF = YES;
				CLANG_WARN_OBJC_LITERAL_CONVERSION = YES;
				CLANG_WARN_OBJC_ROOT_CLASS = YES_ERROR;
				CLANG_WARN_QUOTED_INCLUDE_IN_FRAMEWORK_HEADER = YES;
				CLANG_WARN_RANGE_LOOP_ANALYSIS = YES;
				CLANG_WARN_STRICT_PROTOTYPES = YES;
				CLANG_WARN_SUSPICIOUS_MOVE = YES;
				CLANG_WARN_UNGUARDED_AVAILABILITY = YES_AGGRESSIVE;
				CLANG_WARN_UNREACHABLE_CODE = YES;
				CLANG_WARN__DUPLICATE_METHOD_MATCH = YES;
				COPY_PHASE_STRIP = NO;
				DEBUG_INFORMATION_FORMAT = "dwarf-with-dsym";
				ENABLE_NS_ASSERTIONS = NO;
				ENABLE_STRICT_OBJC_MSGSEND = YES;
				GCC_C_LANGUAGE_STANDARD = gnu11;
				GCC_NO_COMMON_BLOCKS = YES;
				GCC_WARN_64_TO_32_BIT_CONVERSION = YES;
				GCC_WARN_ABOUT_RETURN_TYPE = YES_ERROR;
				GCC_WARN_UNDECLARED_SELECTOR = YES;
				GCC_WARN_UNINITIALIZED_AUTOS = YES_AGGRESSIVE;
				GCC_WARN_UNUSED_FUNCTION = YES;
				GCC_WARN_UNUSED_VARIABLE = YES;
				IPHONEOS_DEPLOYMENT_TARGET = 16.2;
				MTL_ENABLE_DEBUG_INFO = NO;
				MTL_FAST_MATH = YES;
				SDKROOT = iphoneos;
				SWIFT_COMPILATION_MODE = wholemodule;
				SWIFT_OPTIMIZATION_LEVEL = "-O";
				VALIDATE_PRODUCT = YES;
			};
			name = Release;
		};
		B6B280CB29754F1B001CC219 /* Debug */ = {
			isa = XCBuildConfiguration;
			buildSettings = {
				ASSETCATALOG_COMPILER_APPICON_NAME = AppIcon;
				ASSETCATALOG_COMPILER_GLOBAL_ACCENT_COLOR_NAME = AccentColor;
				CODE_SIGN_STYLE = Automatic;
				CURRENT_PROJECT_VERSION = 1;
				DEVELOPMENT_TEAM = AFU28XCKKE;
				GENERATE_INFOPLIST_FILE = YES;
				INFOPLIST_FILE = PracticeUIKit/Info.plist;
				INFOPLIST_KEY_UIApplicationSupportsIndirectInputEvents = YES;
				INFOPLIST_KEY_UILaunchStoryboardName = LaunchScreen;
				INFOPLIST_KEY_UIMainStoryboardFile = Main;
				INFOPLIST_KEY_UISupportedInterfaceOrientations_iPad = "UIInterfaceOrientationPortrait UIInterfaceOrientationPortraitUpsideDown UIInterfaceOrientationLandscapeLeft UIInterfaceOrientationLandscapeRight";
				INFOPLIST_KEY_UISupportedInterfaceOrientations_iPhone = "UIInterfaceOrientationPortrait UIInterfaceOrientationLandscapeLeft UIInterfaceOrientationLandscapeRight";
				IPHONEOS_DEPLOYMENT_TARGET = 15.3;
				LD_RUNPATH_SEARCH_PATHS = (
					"$(inherited)",
					"@executable_path/Frameworks",
				);
				MARKETING_VERSION = 1.0;
				PRODUCT_BUNDLE_IDENTIFIER = com.app.prac2.PracticeUIKit;
				PRODUCT_NAME = "$(TARGET_NAME)";
				SWIFT_EMIT_LOC_STRINGS = YES;
				SWIFT_VERSION = 5.0;
				TARGETED_DEVICE_FAMILY = "1,2";
			};
			name = Debug;
		};
		B6B280CC29754F1B001CC219 /* Release */ = {
			isa = XCBuildConfiguration;
			buildSettings = {
				ASSETCATALOG_COMPILER_APPICON_NAME = AppIcon;
				ASSETCATALOG_COMPILER_GLOBAL_ACCENT_COLOR_NAME = AccentColor;
				CODE_SIGN_STYLE = Automatic;
				CURRENT_PROJECT_VERSION = 1;
				DEVELOPMENT_TEAM = AFU28XCKKE;
				GENERATE_INFOPLIST_FILE = YES;
				INFOPLIST_FILE = PracticeUIKit/Info.plist;
				INFOPLIST_KEY_UIApplicationSupportsIndirectInputEvents = YES;
				INFOPLIST_KEY_UILaunchStoryboardName = LaunchScreen;
				INFOPLIST_KEY_UIMainStoryboardFile = Main;
				INFOPLIST_KEY_UISupportedInterfaceOrientations_iPad = "UIInterfaceOrientationPortrait UIInterfaceOrientationPortraitUpsideDown UIInterfaceOrientationLandscapeLeft UIInterfaceOrientationLandscapeRight";
				INFOPLIST_KEY_UISupportedInterfaceOrientations_iPhone = "UIInterfaceOrientationPortrait UIInterfaceOrientationLandscapeLeft UIInterfaceOrientationLandscapeRight";
				IPHONEOS_DEPLOYMENT_TARGET = 15.3;
				LD_RUNPATH_SEARCH_PATHS = (
					"$(inherited)",
					"@executable_path/Frameworks",
				);
				MARKETING_VERSION = 1.0;
				PRODUCT_BUNDLE_IDENTIFIER = com.app.prac2.PracticeUIKit;
				PRODUCT_NAME = "$(TARGET_NAME)";
				SWIFT_EMIT_LOC_STRINGS = YES;
				SWIFT_VERSION = 5.0;
				TARGETED_DEVICE_FAMILY = "1,2";
			};
			name = Release;
		};
/* End XCBuildConfiguration section */

/* Begin XCConfigurationList section */
		B6B280B129754F1A001CC219 /* Build configuration list for PBXProject "PracticeUIKit" */ = {
			isa = XCConfigurationList;
			buildConfigurations = (
				B6B280C829754F1B001CC219 /* Debug */,
				B6B280C929754F1B001CC219 /* Release */,
			);
			defaultConfigurationIsVisible = 0;
			defaultConfigurationName = Release;
		};
		B6B280CA29754F1B001CC219 /* Build configuration list for PBXNativeTarget "PracticeUIKit" */ = {
			isa = XCConfigurationList;
			buildConfigurations = (
				B6B280CB29754F1B001CC219 /* Debug */,
				B6B280CC29754F1B001CC219 /* Release */,
			);
			defaultConfigurationIsVisible = 0;
			defaultConfigurationName = Release;
		};
/* End XCConfigurationList section */
	};
	rootObject = B6B280AE29754F1A001CC219 /* Project object */;
}
